
Microsoft Visual Studio Solution File, Format Version 11.00
# Visual Studio 2010
Project("{FAE04EC0-301F-11D3-BF4B-00C04F79EFBC}") = "Messages", "Messages\Messages.csproj", "{126DE25A-FB1F-4E0B-9BA3-7072656706B6}"
EndProject
Project("{FAE04EC0-301F-11D3-BF4B-00C04F79EFBC}") = "Common", "Common\Common.csproj", "{1AB5119F-BEFC-4350-AEEC-845105A3543C}"
EndProject
Project("{FAE04EC0-301F-11D3-BF4B-00C04F79EFBC}") = "MessagesTester", "MessagesTester\MessagesTester.csproj", "{9A9A3D6B-96DE-4321-A0D2-6DB29B866305}"
EndProject
Project("{2150E333-8FDC-42A3-9474-1A3956D46DE8}") = "Solution Items", "Solution Items", "{3B834513-766E-4E85-A268-BD7E5A7884E6}"
	ProjectSection(SolutionItems) = preProject
		ExtremeWordGuessing.vsmdi = ExtremeWordGuessing.vsmdi
		Local.testsettings = Local.testsettings
		TraceAndTestImpact.testsettings = TraceAndTestImpact.testsettings
	EndProjectSection
EndProject
Project("{FAE04EC0-301F-11D3-BF4B-00C04F79EFBC}") = "CommonTester", "CommonTester\CommonTester.csproj", "{3BB8F18A-23A9-49DC-AD45-923ED5E7E8F0}"
EndProject
Global
	GlobalSection(TestCaseManagementSettings) = postSolution
		CategoryFile = ExtremeWordGuessing.vsmdi
	EndGlobalSection
	GlobalSection(SolutionConfigurationPlatforms) = preSolution
		Debug|Any CPU = Debug|Any CPU
		Debug|Mixed Platforms = Debug|Mixed Platforms
		Debug|x86 = Debug|x86
		Release|Any CPU = Release|Any CPU
		Release|Mixed Platforms = Release|Mixed Platforms
		Release|x86 = Release|x86
	EndGlobalSection
	GlobalSection(ProjectConfigurationPlatforms) = postSolution
		{126DE25A-FB1F-4E0B-9BA3-7072656706B6}.Debug|Any CPU.ActiveCfg = Debug|Any CPU
		{126DE25A-FB1F-4E0B-9BA3-7072656706B6}.Debug|Any CPU.Build.0 = Debug|Any CPU
		{126DE25A-FB1F-4E0B-9BA3-7072656706B6}.Debug|Mixed Platforms.ActiveCfg = Debug|Any CPU
		{126DE25A-FB1F-4E0B-9BA3-7072656706B6}.Debug|Mixed Platforms.Build.0 = Debug|Any CPU
		{126DE25A-FB1F-4E0B-9BA3-7072656706B6}.Debug|x86.ActiveCfg = Debug|Any CPU
		{126DE25A-FB1F-4E0B-9BA3-7072656706B6}.Release|Any CPU.ActiveCfg = Release|Any CPU
		{126DE25A-FB1F-4E0B-9BA3-7072656706B6}.Release|Any CPU.Build.0 = Release|Any CPU
		{126DE25A-FB1F-4E0B-9BA3-7072656706B6}.Release|Mixed Platforms.ActiveCfg = Release|Any CPU
		{126DE25A-FB1F-4E0B-9BA3-7072656706B6}.Release|Mixed Platforms.Build.0 = Release|Any CPU
		{126DE25A-FB1F-4E0B-9BA3-7072656706B6}.Release|x86.ActiveCfg = Release|Any CPU
		{1AB5119F-BEFC-4350-AEEC-845105A3543C}.Debug|Any CPU.ActiveCfg = Debug|Any CPU
		{1AB5119F-BEFC-4350-AEEC-845105A3543C}.Debug|Any CPU.Build.0 = Debug|Any CPU
		{1AB5119F-BEFC-4350-AEEC-845105A3543C}.Debug|Mixed Platforms.ActiveCfg = Debug|Any CPU
		{1AB5119F-BEFC-4350-AEEC-845105A3543C}.Debug|Mixed Platforms.Build.0 = Debug|Any CPU
		{1AB5119F-BEFC-4350-AEEC-845105A3543C}.Debug|x86.ActiveCfg = Debug|Any CPU
		{1AB5119F-BEFC-4350-AEEC-845105A3543C}.Release|Any CPU.ActiveCfg = Release|Any CPU
		{1AB5119F-BEFC-4350-AEEC-845105A3543C}.Release|Any CPU.Build.0 = Release|Any CPU
		{1AB5119F-BEFC-4350-AEEC-845105A3543C}.Release|Mixed Platforms.ActiveCfg = Release|Any CPU
		{1AB5119F-BEFC-4350-AEEC-845105A3543C}.Release|Mixed Platforms.Build.0 = Release|Any CPU
		{1AB5119F-BEFC-4350-AEEC-845105A3543C}.Release|x86.ActiveCfg = Release|Any CPU
		{9A9A3D6B-96DE-4321-A0D2-6DB29B866305}.Debug|Any CPU.ActiveCfg = Debug|Any CPU
		{9A9A3D6B-96DE-4321-A0D2-6DB29B866305}.Debug|Any CPU.Build.0 = Debug|Any CPU
		{9A9A3D6B-96DE-4321-A0D2-6DB29B866305}.Debug|Mixed Platforms.ActiveCfg = Debug|Any CPU
		{9A9A3D6B-96DE-4321-A0D2-6DB29B866305}.Debug|Mixed Platforms.Build.0 = Debug|Any CPU
		{9A9A3D6B-96DE-4321-A0D2-6DB29B866305}.Debug|x86.ActiveCfg = Debug|Any CPU
		{9A9A3D6B-96DE-4321-A0D2-6DB29B866305}.Release|Any CPU.ActiveCfg = Release|Any CPU
		{9A9A3D6B-96DE-4321-A0D2-6DB29B866305}.Release|Any CPU.Build.0 = Release|Any CPU
		{9A9A3D6B-96DE-4321-A0D2-6DB29B866305}.Release|Mixed Platforms.ActiveCfg = Release|Any CPU
		{9A9A3D6B-96DE-4321-A0D2-6DB29B866305}.Release|Mixed Platforms.Build.0 = Release|Any CPU
		{9A9A3D6B-96DE-4321-A0D2-6DB29B866305}.Release|x86.ActiveCfg = Release|Any CPU
		{3BB8F18A-23A9-49DC-AD45-923ED5E7E8F0}.Debug|Any CPU.ActiveCfg = Debug|Any CPU
		{3BB8F18A-23A9-49DC-AD45-923ED5E7E8F0}.Debug|Any CPU.Build.0 = Debug|Any CPU
		{3BB8F18A-23A9-49DC-AD45-923ED5E7E8F0}.Debug|Mixed Platforms.ActiveCfg = Debug|Any CPU
		{3BB8F18A-23A9-49DC-AD45-923ED5E7E8F0}.Debug|Mixed Platforms.Build.0 = Debug|Any CPU
		{3BB8F18A-23A9-49DC-AD45-923ED5E7E8F0}.Debug|x86.ActiveCfg = Debug|Any CPU
		{3BB8F18A-23A9-49DC-AD45-923ED5E7E8F0}.Release|Any CPU.ActiveCfg = Release|Any CPU
		{3BB8F18A-23A9-49DC-AD45-923ED5E7E8F0}.Release|Any CPU.Build.0 = Release|Any CPU
		{3BB8F18A-23A9-49DC-AD45-923ED5E7E8F0}.Release|Mixed Platforms.ActiveCfg = Release|Any CPU
		{3BB8F18A-23A9-49DC-AD45-923ED5E7E8F0}.Release|Mixed Platforms.Build.0 = Release|Any CPU
		{3BB8F18A-23A9-49DC-AD45-923ED5E7E8F0}.Release|x86.ActiveCfg = Release|Any CPU
	EndGlobalSection
	GlobalSection(SolutionProperties) = preSolution
		HideSolutionNode = FALSE
	EndGlobalSection
EndGlobal
